
Microsoft Visual Studio Solution File, Format Version 12.00
# Visual Studio Version 17
VisualStudioVersion = 17.12.35707.178
MinimumVisualStudioVersion = 10.0.40219.1
Project("{FAE04EC0-301F-11D3-BF4B-00C04F79EFBC}") = "Homework_2_1", "Homework_2_1\Homework_2_1.csproj", "{E0FFFEE1-297C-4051-9AB8-C55FBDE998E6}"
EndProject
Project("{FAE04EC0-301F-11D3-BF4B-00C04F79EFBC}") = "Homework_2_2_radians", "Homework_2_2_radians\Homework_2_2_radians.csproj", "{D2DB9C18-05AF-4070-8C0E-CF83692F8DFE}"
EndProject
Project("{FAE04EC0-301F-11D3-BF4B-00C04F79EFBC}") = "Homework_2_3_inches", "Homework_2_3_inches\Homework_2_3_inches.csproj", "{562C6756-C7DF-4CBA-AA15-C7D85D4F9138}"
EndProject
Project("{FAE04EC0-301F-11D3-BF4B-00C04F79EFBC}") = "Homework_2_4_digitSwap", "Homework_2_4_digitSwap\Homework_2_4_digitSwap.csproj", "{396CC5A8-BAC1-4D59-9B4E-A62ADD16AEAC}"
EndProject
Project("{FAE04EC0-301F-11D3-BF4B-00C04F79EFBC}") = "Homework_2_5_PipeRound", "Homework_2_5_PipeRound\Homework_2_5_PipeRound.csproj", "{A0121242-75AE-4225-9CAB-58E5011F2225}"
EndProject
Project("{FAE04EC0-301F-11D3-BF4B-00C04F79EFBC}") = "Homework_2_6_round_0,5", "Homework_2_6_round_0,5\Homework_2_6_round_0,5.csproj", "{D4CDAC72-73BA-4A74-9FDC-F42089BE3B9C}"
EndProject
Project("{FAE04EC0-301F-11D3-BF4B-00C04F79EFBC}") = "Homework_2_7_move_between_just_two", "Homework_2_7_move_between_just_two\Homework_2_7_move_between_just_two.csproj", "{F31950E9-A27D-4773-BBC1-47F1134C8AF4}"
EndProject
Global
	GlobalSection(SolutionConfigurationPlatforms) = preSolution
		Debug|Any CPU = Debug|Any CPU
		Release|Any CPU = Release|Any CPU
	EndGlobalSection
	GlobalSection(ProjectConfigurationPlatforms) = postSolution
		{E0FFFEE1-297C-4051-9AB8-C55FBDE998E6}.Debug|Any CPU.ActiveCfg = Debug|Any CPU
		{E0FFFEE1-297C-4051-9AB8-C55FBDE998E6}.Debug|Any CPU.Build.0 = Debug|Any CPU
		{E0FFFEE1-297C-4051-9AB8-C55FBDE998E6}.Release|Any CPU.ActiveCfg = Release|Any CPU
		{E0FFFEE1-297C-4051-9AB8-C55FBDE998E6}.Release|Any CPU.Build.0 = Release|Any CPU
		{D2DB9C18-05AF-4070-8C0E-CF83692F8DFE}.Debug|Any CPU.ActiveCfg = Debug|Any CPU
		{D2DB9C18-05AF-4070-8C0E-CF83692F8DFE}.Debug|Any CPU.Build.0 = Debug|Any CPU
		{D2DB9C18-05AF-4070-8C0E-CF83692F8DFE}.Release|Any CPU.ActiveCfg = Release|Any CPU
		{D2DB9C18-05AF-4070-8C0E-CF83692F8DFE}.Release|Any CPU.Build.0 = Release|Any CPU
		{562C6756-C7DF-4CBA-AA15-C7D85D4F9138}.Debug|Any CPU.ActiveCfg = Debug|Any CPU
		{562C6756-C7DF-4CBA-AA15-C7D85D4F9138}.Debug|Any CPU.Build.0 = Debug|Any CPU
		{562C6756-C7DF-4CBA-AA15-C7D85D4F9138}.Release|Any CPU.ActiveCfg = Release|Any CPU
		{562C6756-C7DF-4CBA-AA15-C7D85D4F9138}.Release|Any CPU.Build.0 = Release|Any CPU
		{396CC5A8-BAC1-4D59-9B4E-A62ADD16AEAC}.Debug|Any CPU.ActiveCfg = Debug|Any CPU
		{396CC5A8-BAC1-4D59-9B4E-A62ADD16AEAC}.Debug|Any CPU.Build.0 = Debug|Any CPU
		{396CC5A8-BAC1-4D59-9B4E-A62ADD16AEAC}.Release|Any CPU.ActiveCfg = Release|Any CPU
		{396CC5A8-BAC1-4D59-9B4E-A62ADD16AEAC}.Release|Any CPU.Build.0 = Release|Any CPU
		{A0121242-75AE-4225-9CAB-58E5011F2225}.Debug|Any CPU.ActiveCfg = Debug|Any CPU
		{A0121242-75AE-4225-9CAB-58E5011F2225}.Debug|Any CPU.Build.0 = Debug|Any CPU
		{A0121242-75AE-4225-9CAB-58E5011F2225}.Release|Any CPU.ActiveCfg = Release|Any CPU
		{A0121242-75AE-4225-9CAB-58E5011F2225}.Release|Any CPU.Build.0 = Release|Any CPU
		{D4CDAC72-73BA-4A74-9FDC-F42089BE3B9C}.Debug|Any CPU.ActiveCfg = Debug|Any CPU
		{D4CDAC72-73BA-4A74-9FDC-F42089BE3B9C}.Debug|Any CPU.Build.0 = Debug|Any CPU
		{D4CDAC72-73BA-4A74-9FDC-F42089BE3B9C}.Release|Any CPU.ActiveCfg = Release|Any CPU
		{D4CDAC72-73BA-4A74-9FDC-F42089BE3B9C}.Release|Any CPU.Build.0 = Release|Any CPU
		{F31950E9-A27D-4773-BBC1-47F1134C8AF4}.Debug|Any CPU.ActiveCfg = Debug|Any CPU
		{F31950E9-A27D-4773-BBC1-47F1134C8AF4}.Debug|Any CPU.Build.0 = Debug|Any CPU
		{F31950E9-A27D-4773-BBC1-47F1134C8AF4}.Release|Any CPU.ActiveCfg = Release|Any CPU
		{F31950E9-A27D-4773-BBC1-47F1134C8AF4}.Release|Any CPU.Build.0 = Release|Any CPU
	EndGlobalSection
	GlobalSection(SolutionProperties) = preSolution
		HideSolutionNode = FALSE
	EndGlobalSection
EndGlobal
