
Microsoft Visual Studio Solution File, Format Version 12.00
# Visual Studio Version 17
VisualStudioVersion = 17.12.35707.178
MinimumVisualStudioVersion = 10.0.40219.1
Project("{FAE04EC0-301F-11D3-BF4B-00C04F79EFBC}") = "Homework_2_1", "Homework_2_1\Homework_2_1.csproj", "{E0FFFEE1-297C-4051-9AB8-C55FBDE998E6}"
EndProject
Project("{FAE04EC0-301F-11D3-BF4B-00C04F79EFBC}") = "Homework_2_2_radians", "Homework_2_2_radians\Homework_2_2_radians.csproj", "{D2DB9C18-05AF-4070-8C0E-CF83692F8DFE}"
EndProject
Project("{FAE04EC0-301F-11D3-BF4B-00C04F79EFBC}") = "Homework_2_3_inches", "Homework_2_3_inches\Homework_2_3_inches.csproj", "{562C6756-C7DF-4CBA-AA15-C7D85D4F9138}"
EndProject
Global
	GlobalSection(SolutionConfigurationPlatforms) = preSolution
		Debug|Any CPU = Debug|Any CPU
		Release|Any CPU = Release|Any CPU
	EndGlobalSection
	GlobalSection(ProjectConfigurationPlatforms) = postSolution
		{E0FFFEE1-297C-4051-9AB8-C55FBDE998E6}.Debug|Any CPU.ActiveCfg = Debug|Any CPU
		{E0FFFEE1-297C-4051-9AB8-C55FBDE998E6}.Debug|Any CPU.Build.0 = Debug|Any CPU
		{E0FFFEE1-297C-4051-9AB8-C55FBDE998E6}.Release|Any CPU.ActiveCfg = Release|Any CPU
		{E0FFFEE1-297C-4051-9AB8-C55FBDE998E6}.Release|Any CPU.Build.0 = Release|Any CPU
		{D2DB9C18-05AF-4070-8C0E-CF83692F8DFE}.Debug|Any CPU.ActiveCfg = Debug|Any CPU
		{D2DB9C18-05AF-4070-8C0E-CF83692F8DFE}.Debug|Any CPU.Build.0 = Debug|Any CPU
		{D2DB9C18-05AF-4070-8C0E-CF83692F8DFE}.Release|Any CPU.ActiveCfg = Release|Any CPU
		{D2DB9C18-05AF-4070-8C0E-CF83692F8DFE}.Release|Any CPU.Build.0 = Release|Any CPU
		{562C6756-C7DF-4CBA-AA15-C7D85D4F9138}.Debug|Any CPU.ActiveCfg = Debug|Any CPU
		{562C6756-C7DF-4CBA-AA15-C7D85D4F9138}.Debug|Any CPU.Build.0 = Debug|Any CPU
		{562C6756-C7DF-4CBA-AA15-C7D85D4F9138}.Release|Any CPU.ActiveCfg = Release|Any CPU
		{562C6756-C7DF-4CBA-AA15-C7D85D4F9138}.Release|Any CPU.Build.0 = Release|Any CPU
	EndGlobalSection
	GlobalSection(SolutionProperties) = preSolution
		HideSolutionNode = FALSE
	EndGlobalSection
EndGlobal
